github.com/coopernurse/gorp v1.6.1 h1:U51KxtIsUzG3mRR5QXNIfvSTyw9tUlZOjwsvgnLft+w=
github.com/coopernurse/gorp v1.6.1/go.mod h1:wkfIkQktc4uuBo0kLNE8tMMN9okbsTa2orfZvBaL9F8=
github.com/davecgh/go-spew v1.1.0 h1:ZDRjVQ15GmhC3fiQ8ni8+OwkZQO4DARzQgrnXU1Liz8=
github.com/davecgh/go-spew v1.1.0/go.mod h1:J7Y8YcW2NihsgmVo/mv3lAwl/skON4iLHjSsI+c5H38=
github.com/go-mysql/conn v0.0.0-20190212141510-b14e7f9186b2 h1:FAZCocux9pqZRb6WNEiav0LQnWqGRAouzEj/x5FuyUw=
github.com/go-mysql/conn v0.0.0-20190212141510-b14e7f9186b2/go.mod h1:94gpDnWy75oIO9yGql//QzyqIIc0KQSUz7iX6AtD1Ew=
github.com/go-sql-driver/mysql v1.6.0 h1:BCTh4TKNUYmOmMUcQ3IipzF5prigylS7XXjEkfCHuOE=
github.com/go-sql-driver/mysql v1.6.0/go.mod h1:DCzpHaOWr8IXmIStZouvnhqoel9Qv2LBy8hT2VhHyBg=
github.com/go-test/deep v1.0.8 h1:TDsG77qcSprGbC6vTN8OuXp5g+J+b5Pcguhf7Zt61VM=
github.com/go-test/deep v1.0.8/go.mod h1:5C2ZWiW0ErCdrYzpqxLbTX7MG14M9iiw8DgHncVwcsE=
github.com/lib/pq v1.10.5 h1:J+gdV2cUmX7ZqL2B0lFcW0m+egaHC2V3lpO8nWxyYiQ=
github.com/lib/pq v1.10.5/go.mod h1:AlVN5x4E4T544tWzH6hKfbfQvm3HdbOxrmggDNAPY9o=
github.com/mattn/go-sqlite3 v1.14.12 h1:TJ1bhYJPV44phC+IMu1u2K/i5RriLTPe+yc68XDJ1Z0=
github.com/mattn/go-sqlite3 v1.14.12/go.mod h1:NyWgC/yNuGj7Q9rpYnZvas74GogHl5/Z4A/KQRfk6bU=
github.com/opentracing/opentracing-go v1.2.0 h1:uEJPy/1a5RIPAJ0Ov+OIO8OxWu77jEv+1B0VhjKrZUs=
github.com/opentracing/opentracing-go v1.2.0/go.mod h1:GxEUsuufX4nBwe+T+Wl9TAgYrxe9dPLANfrWvHYVTgc=
github.com/pmezard/go-difflib v1.0.0 h1:4DBwDE0NGyQoBHbLQYPwSUPoCMWR5BEzIk/f1lZbAQM=
github.com/pmezard/go-difflib v1.0.0/go.mod h1:iKH77koFhYxTK1pcRnkKkqfTogsbg7gZNVY4sRDYZ/4=
github.com/stretchr/objx v0.1.0/go.mod h1:HFkY916IF+rwdDfMAkV7OtwuqBVzrE8GR6GFx+wExME=
github.com/stretchr/testify v1.3.0/go.mod h1:M5WIy9Dh21IEIfnGCwXGc5bZfKNJtfHm1UVUgZn+9EI=
github.com/stretchr/testify v1.7.1 h1:5TQK59W5E3v0r2duFAb7P95B6hEeOyEnHRa8MjYSMTY=
github.com/stretchr/testify v1.7.1/go.mod h1:6Fq8oRcR53rry900zMqJjRRixrwX3KX962/h/Wwjteg=
github.com/ziutek/mymysql v1.5.4 h1:GB0qdRGsTwQSBVYuVShFBKaXSnSnYYC2d9knnE1LHFs=
github.com/ziutek/mymysql v1.5.4/go.mod h1:LMSpPZ6DbqWFxNCHW77HeMg9I646SAhApZ/wKdgO/C0=
golang.org/x/net v0.0.0-20220412020605-290c469a71a5 h1:bRb386wvrE+oBNdF1d/Xh9mQrfQ4ecYhW5qJ5GvTGT4=
golang.org/x/net v0.0.0-20220412020605-290c469a71a5/go.mod h1:CfG3xpIq0wQ8r1q4Su4UZFWDARRcnwPjda9FqA0JpMk=
golang.org/x/sys v0.0.0-20210615035016-665e8c7367d1/go.mod h1:oPkhp1MJrh7nUepCBck5+mAzfO9JrbApNNgaTdGDITg=
golang.org/x/sys v0.0.0-20211216021012-1d35b9e2eb4e/go.mod h1:oPkhp1MJrh7nUepCBck5+mAzfO9JrbApNNgaTdGDITg=
golang.org/x/term v0.0.0-20210927222741-03fcf44c2211/go.mod h1:jbD1KX2456YbFQfuXm/mYQcufACuNUgVhRMnK/tPxf8=
golang.org/x/text v0.3.7/go.mod h1:u+2+/6zg+i71rQMx5EYifcz6MCKuco9NR6JIITiCfzQ=
golang.org/x/tools v0.0.0-20180917221912-90fa682c2a6e/go.mod h1:n7NCudcB/nEzxVGmLbDWY5pfWTLqBcC2KZ6jyYvM4mQ=
gopkg.in/check.v1 v0.0.0-20161208181325-20d25e280405 h1:yhCVgyC4o1eVCa2tZl7eS0r+SDo693bJlVdllGtEeKM=
gopkg.in/check.v1 v0.0.0-20161208181325-20d25e280405/go.mod h1:Co6ibVJAznAaIkqp8huTwlJQCZ016jof/cbN4VW5Yz0=
gopkg.in/yaml.v3 v3.0.0-20200313102051-9f266ea9e77c h1:dUUwHk2QECo/6vqA44rthZ8ie2QXMNeKRTHCNY2nXvo=
gopkg.in/yaml.v3 v3.0.0-20200313102051-9f266ea9e77c/go.mod h1:K4uyk7z7BCEPqu6E+C64Yfv1cQ7kz7rIZviUmN+EgEM=
